
Microsoft Visual Studio Solution File, Format Version 12.00
# Visual Studio Version 16
VisualStudioVersion = 16.0.29503.13
MinimumVisualStudioVersion = 10.0.40219.1
Project("{FAE04EC0-301F-11D3-BF4B-00C04F79EFBC}") = "ProyectoInterfaz", "ProyectoInterfaz\ProyectoInterfaz.csproj", "{700A40D2-3673-4C31-A03D-A0103BFDF878}"
EndProject
Global
	GlobalSection(SolutionConfigurationPlatforms) = preSolution
		Debug|Any CPU = Debug|Any CPU
		Release|Any CPU = Release|Any CPU
	EndGlobalSection
	GlobalSection(ProjectConfigurationPlatforms) = postSolution
		{700A40D2-3673-4C31-A03D-A0103BFDF878}.Debug|Any CPU.ActiveCfg = Debug|Any CPU
		{700A40D2-3673-4C31-A03D-A0103BFDF878}.Debug|Any CPU.Build.0 = Debug|Any CPU
		{700A40D2-3673-4C31-A03D-A0103BFDF878}.Release|Any CPU.ActiveCfg = Release|Any CPU
		{700A40D2-3673-4C31-A03D-A0103BFDF878}.Release|Any CPU.Build.0 = Release|Any CPU
	EndGlobalSection
	GlobalSection(SolutionProperties) = preSolution
		HideSolutionNode = FALSE
	EndGlobalSection
	GlobalSection(ExtensibilityGlobals) = postSolution
		SolutionGuid = {2355691B-F9BC-4AD8-80BF-FD46517264F3}
	EndGlobalSection
EndGlobal
